{
  "requires": true,
  "lockfileVersion": 1,
  "dependencies": {
    "flask": {
      "version": "0.2.10",
      "resolved": "https://registry.npmjs.org/flask/-/flask-0.2.10.tgz",
      "integrity": "sha1-9fWkLP1YownjfGfAo5YXqBnl4bc="
    },
    "jinja-js": {
      "version": "0.1.8",
      "resolved": "https://registry.npmjs.org/jinja-js/-/jinja-js-0.1.8.tgz",
      "integrity": "sha1-CxPuuW6QmT8EBRTXzmT1N4b1hRE="
    },
    "jquery": {
      "version": "3.6.0",
      "resolved": "https://registry.npmjs.org/jquery/-/jquery-3.6.0.tgz",
      "integrity": "sha512-JVzAR/AjBvVt2BmYhxRCSYysDsPcssdmTFnzyLEts9qNwmjmu4JTAMYubEfwVOSwpQ1I1sKKFcxhZCI2buerfw=="
    }
  }
}
